// !$*UTF8*$!
{
	archiveVersion = 1;
	classes = {
	};
	objectVersion = 48;
	objects = {

/* Begin PBXBuildFile section */
		A53643041F2B0ECD0000EE2F /* main.c in Sources */ = {isa = PBXBuildFile; fileRef = A53643031F2B0ECD0000EE2F /* main.c */; };
		A536430C1F2B12140000EE2F /* mach-o.c in Sources */ = {isa = PBXBuildFile; fileRef = A536430B1F2B12140000EE2F /* mach-o.c */; };
		A536430F1F2E9C200000EE2F /* objc.c in Sources */ = {isa = PBXBuildFile; fileRef = A536430D1F2E9C200000EE2F /* objc.c */; };
/* End PBXBuildFile section */

/* Begin PBXCopyFilesBuildPhase section */
		A53642FE1F2B0ECD0000EE2F /* CopyFiles */ = {
			isa = PBXCopyFilesBuildPhase;
			buildActionMask = 2147483647;
			dstPath = /usr/share/man/man1/;
			dstSubfolderSpec = 0;
			files = (
			);
			runOnlyForDeploymentPostprocessing = 1;
		};
/* End PBXCopyFilesBuildPhase section */

/* Begin PBXFileReference section */
		A53643001F2B0ECD0000EE2F /* macho-parser */ = {isa = PBXFileReference; explicitFileType = "compiled.mach-o.executable"; includeInIndex = 0; path = "macho-parser"; sourceTree = BUILT_PRODUCTS_DIR; };
		A53643031F2B0ECD0000EE2F /* main.c */ = {isa = PBXFileReference; lastKnownFileType = sourcecode.c.c; path = main.c; sourceTree = "<group>"; };
		A536430A1F2B0F940000EE2F /* mach-o.h */ = {isa = PBXFileReference; lastKnownFileType = sourcecode.c.h; path = "mach-o.h"; sourceTree = "<group>"; };
		A536430B1F2B12140000EE2F /* mach-o.c */ = {isa = PBXFileReference; lastKnownFileType = sourcecode.c.c; path = "mach-o.c"; sourceTree = "<group>"; };
		A536430D1F2E9C200000EE2F /* objc.c */ = {isa = PBXFileReference; lastKnownFileType = sourcecode.c.c; path = objc.c; sourceTree = "<group>"; };
		A536430E1F2E9C200000EE2F /* objc.h */ = {isa = PBXFileReference; lastKnownFileType = sourcecode.c.h; path = objc.h; sourceTree = "<group>"; };
		A53643101F2E9C4D0000EE2F /* parser.h */ = {isa = PBXFileReference; lastKnownFileType = sourcecode.c.h; path = parser.h; sourceTree = "<group>"; };
/* End PBXFileReference section */

/* Begin PBXFrameworksBuildPhase section */
		A53642FD1F2B0ECD0000EE2F /* Frameworks */ = {
			isa = PBXFrameworksBuildPhase;
			buildActionMask = 2147483647;
			files = (
			);
			runOnlyForDeploymentPostprocessing = 0;
		};
/* End PBXFrameworksBuildPhase section */

/* Begin PBXGroup section */
		A53642F71F2B0ECD0000EE2F = {
			isa = PBXGroup;
			children = (
				A53643021F2B0ECD0000EE2F /* macho-parser */,
				A53643011F2B0ECD0000EE2F /* Products */,
			);
			sourceTree = "<group>";
		};
		A53643011F2B0ECD0000EE2F /* Products */ = {
			isa = PBXGroup;
			children = (
				A53643001F2B0ECD0000EE2F /* macho-parser */,
			);
			name = Products;
			sourceTree = "<group>";
		};
		A53643021F2B0ECD0000EE2F /* macho-parser */ = {
			isa = PBXGroup;
			children = (
				A536430D1F2E9C200000EE2F /* objc.c */,
				A536430E1F2E9C200000EE2F /* objc.h */,
				A53643031F2B0ECD0000EE2F /* main.c */,
				A536430A1F2B0F940000EE2F /* mach-o.h */,
				A536430B1F2B12140000EE2F /* mach-o.c */,
				A53643101F2E9C4D0000EE2F /* parser.h */,
			);
			path = "macho-parser";
			sourceTree = "<group>";
		};
/* End PBXGroup section */

/* Begin PBXNativeTarget section */
		A53642FF1F2B0ECD0000EE2F /* macho-parser */ = {
			isa = PBXNativeTarget;
			buildConfigurationList = A53643071F2B0ECD0000EE2F /* Build configuration list for PBXNativeTarget "macho-parser" */;
			buildPhases = (
				A53642FC1F2B0ECD0000EE2F /* Sources */,
				A53642FD1F2B0ECD0000EE2F /* Frameworks */,
				A53642FE1F2B0ECD0000EE2F /* CopyFiles */,
			);
			buildRules = (
			);
			dependencies = (
			);
			name = "macho-parser";
			productName = "macho-parser";
			productReference = A53643001F2B0ECD0000EE2F /* macho-parser */;
			productType = "com.apple.product-type.tool";
		};
/* End PBXNativeTarget section */

/* Begin PBXProject section */
		A53642F81F2B0ECD0000EE2F /* Project object */ = {
			isa = PBXProject;
			attributes = {
				LastUpgradeCheck = 0900;
				ORGANIZATIONNAME = "Ilhan Raja";
				TargetAttributes = {
					A53642FF1F2B0ECD0000EE2F = {
						CreatedOnToolsVersion = 9.0;
					};
				};
			};
			buildConfigurationList = A53642FB1F2B0ECD0000EE2F /* Build configuration list for PBXProject "macho-parser" */;
			compatibilityVersion = "Xcode 8.0";
			developmentRegion = en;
			hasScannedForEncodings = 0;
			knownRegions = (
				en,
			);
			mainGroup = A53642F71F2B0ECD0000EE2F;
			productRefGroup = A53643011F2B0ECD0000EE2F /* Products */;
			projectDirPath = "";
			projectRoot = "";
			targets = (
				A53642FF1F2B0ECD0000EE2F /* macho-parser */,
			);
		};
/* End PBXProject section */

/* Begin PBXSourcesBuildPhase section */
		A53642FC1F2B0ECD0000EE2F /* Sources */ = {
			isa = PBXSourcesBuildPhase;
			buildActionMask = 2147483647;
			files = (
				A536430F1F2E9C200000EE2F /* objc.c in Sources */,
				A536430C1F2B12140000EE2F /* mach-o.c in Sources */,
				A53643041F2B0ECD0000EE2F /* main.c in Sources */,
			);
			runOnlyForDeploymentPostprocessing = 0;
		};
/* End PBXSourcesBuildPhase section */

/* Begin XCBuildConfiguration section */
		A53643051F2B0ECD0000EE2F /* Debug */ = {
			isa = XCBuildConfiguration;
			buildSettings = {
				ALWAYS_SEARCH_USER_PATHS = NO;
				CLANG_ANALYZER_NONNULL = YES;
				CLANG_ANALYZER_NUMBER_OBJECT_CONVERSION = YES_AGGRESSIVE;
				CLANG_CXX_LANGUAGE_STANDARD = "gnu++14";
				CLANG_CXX_LIBRARY = "libc++";
				CLANG_ENABLE_MODULES = YES;
				CLANG_ENABLE_OBJC_ARC = YES;
				CLANG_WARN_BLOCK_CAPTURE_AUTORELEASING = YES;
				CLANG_WARN_BOOL_CONVERSION = YES;
				CLANG_WARN_COMMA = YES;
				CLANG_WARN_CONSTANT_CONVERSION = YES;
				CLANG_WARN_DIRECT_OBJC_ISA_USAGE = YES_ERROR;
				CLANG_WARN_DOCUMENTATION_COMMENTS = YES;
				CLANG_WARN_EMPTY_BODY = YES;
				CLANG_WARN_ENUM_CONVERSION = YES;
				CLANG_WARN_INFINITE_RECURSION = YES;
				CLANG_WARN_INT_CONVERSION = YES;
				CLANG_WARN_OBJC_ROOT_CLASS = YES_ERROR;
				CLANG_WARN_RANGE_LOOP_ANALYSIS = YES;
				CLANG_WARN_STRICT_PROTOTYPES = YES;
				CLANG_WARN_SUSPICIOUS_MOVE = YES;
				CLANG_WARN_UNGUARDED_AVAILABILITY = YES_AGGRESSIVE;
				CLANG_WARN_UNREACHABLE_CODE = YES;
				CLANG_WARN__DUPLICATE_METHOD_MATCH = YES;
				CODE_SIGN_IDENTITY = "Mac Developer";
				COPY_PHASE_STRIP = NO;
				DEBUG_INFORMATION_FORMAT = dwarf;
				ENABLE_STRICT_OBJC_MSGSEND = YES;
				ENABLE_TESTABILITY = YES;
				GCC_C_LANGUAGE_STANDARD = gnu11;
				GCC_DYNAMIC_NO_PIC = NO;
				GCC_NO_COMMON_BLOCKS = YES;
				GCC_OPTIMIZATION_LEVEL = 0;
				GCC_PREPROCESSOR_DEFINITIONS = (
					"DEBUG=1",
					"$(inherited)",
				);
				GCC_WARN_64_TO_32_BIT_CONVERSION = YES;
				GCC_WARN_ABOUT_RETURN_TYPE = YES_ERROR;
				GCC_WARN_UNDECLARED_SELECTOR = YES;
				GCC_WARN_UNINITIALIZED_AUTOS = YES_AGGRESSIVE;
				GCC_WARN_UNUSED_FUNCTION = YES;
				GCC_WARN_UNUSED_VARIABLE = YES;
				MACOSX_DEPLOYMENT_TARGET = 10.12;
				MTL_ENABLE_DEBUG_INFO = YES;
				ONLY_ACTIVE_ARCH = YES;
				SDKROOT = macosx;
			};
			name = Debug;
		};
		A53643061F2B0ECD0000EE2F /* Release */ = {
			isa = XCBuildConfiguration;
			buildSettings = {
				ALWAYS_SEARCH_USER_PATHS = NO;
				CLANG_ANALYZER_NONNULL = YES;
				CLANG_ANALYZER_NUMBER_OBJECT_CONVERSION = YES_AGGRESSIVE;
				CLANG_CXX_LANGUAGE_STANDARD = "gnu++14";
				CLANG_CXX_LIBRARY = "libc++";
				CLANG_ENABLE_MODULES = YES;
				CLANG_ENABLE_OBJC_ARC = YES;
				CLANG_WARN_BLOCK_CAPTURE_AUTORELEASING = YES;
				CLANG_WARN_BOOL_CONVERSION = YES;
				CLANG_WARN_COMMA = YES;
				CLANG_WARN_CONSTANT_CONVERSION = YES;
				CLANG_WARN_DIRECT_OBJC_ISA_USAGE = YES_ERROR;
				CLANG_WARN_DOCUMENTATION_COMMENTS = YES;
				CLANG_WARN_EMPTY_BODY = YES;
				CLANG_WARN_ENUM_CONVERSION = YES;
				CLANG_WARN_INFINITE_RECURSION = YES;
				CLANG_WARN_INT_CONVERSION = YES;
				CLANG_WARN_OBJC_ROOT_CLASS = YES_ERROR;
				CLANG_WARN_RANGE_LOOP_ANALYSIS = YES;
				CLANG_WARN_STRICT_PROTOTYPES = YES;
				CLANG_WARN_SUSPICIOUS_MOVE = YES;
				CLANG_WARN_UNGUARDED_AVAILABILITY = YES_AGGRESSIVE;
				CLANG_WARN_UNREACHABLE_CODE = YES;
				CLANG_WARN__DUPLICATE_METHOD_MATCH = YES;
				CODE_SIGN_IDENTITY = "Mac Developer";
				COPY_PHASE_STRIP = NO;
				DEBUG_INFORMATION_FORMAT = "dwarf-with-dsym";
				ENABLE_NS_ASSERTIONS = NO;
				ENABLE_STRICT_OBJC_MSGSEND = YES;
				GCC_C_LANGUAGE_STANDARD = gnu11;
				GCC_NO_COMMON_BLOCKS = YES;
				GCC_WARN_64_TO_32_BIT_CONVERSION = YES;
				GCC_WARN_ABOUT_RETURN_TYPE = YES_ERROR;
				GCC_WARN_UNDECLARED_SELECTOR = YES;
				GCC_WARN_UNINITIALIZED_AUTOS = YES_AGGRESSIVE;
				GCC_WARN_UNUSED_FUNCTION = YES;
				GCC_WARN_UNUSED_VARIABLE = YES;
				MACOSX_DEPLOYMENT_TARGET = 10.12;
				MTL_ENABLE_DEBUG_INFO = NO;
				SDKROOT = macosx;
			};
			name = Release;
		};
		A53643081F2B0ECD0000EE2F /* Debug */ = {
			isa = XCBuildConfiguration;
			buildSettings = {
				DEVELOPMENT_TEAM = EPNXV483T9;
				PRODUCT_NAME = "$(TARGET_NAME)";
			};
			name = Debug;
		};
		A53643091F2B0ECD0000EE2F /* Release */ = {
			isa = XCBuildConfiguration;
			buildSettings = {
				DEVELOPMENT_TEAM = EPNXV483T9;
				PRODUCT_NAME = "$(TARGET_NAME)";
			};
			name = Release;
		};
/* End XCBuildConfiguration section */

/* Begin XCConfigurationList section */
		A53642FB1F2B0ECD0000EE2F /* Build configuration list for PBXProject "macho-parser" */ = {
			isa = XCConfigurationList;
			buildConfigurations = (
				A53643051F2B0ECD0000EE2F /* Debug */,
				A53643061F2B0ECD0000EE2F /* Release */,
			);
			defaultConfigurationIsVisible = 0;
			defaultConfigurationName = Release;
		};
		A53643071F2B0ECD0000EE2F /* Build configuration list for PBXNativeTarget "macho-parser" */ = {
			isa = XCConfigurationList;
			buildConfigurations = (
				A53643081F2B0ECD0000EE2F /* Debug */,
				A53643091F2B0ECD0000EE2F /* Release */,
			);
			defaultConfigurationIsVisible = 0;
			defaultConfigurationName = Release;
		};
/* End XCConfigurationList section */
	};
	rootObject = A53642F81F2B0ECD0000EE2F /* Project object */;
}
